
Microsoft Visual Studio Solution File, Format Version 12.00
# Visual Studio 15
VisualStudioVersion = 15.0.27703.2018
MinimumVisualStudioVersion = 10.0.40219.1
Project("{9A19103F-16F7-4668-BE54-9A1E7A4F7556}") = "Util", "Util\Util.csproj", "{0F61F6BE-93D1-47FC-BCEE-F75E8A2A3F87}"
EndProject
Project("{9A19103F-16F7-4668-BE54-9A1E7A4F7556}") = "Util.XamariN", "Util.XamariN\Util.XamariN.csproj", "{3691A925-9D91-4C2F-84B3-A30164240B7A}"
EndProject
Project("{9A19103F-16F7-4668-BE54-9A1E7A4F7556}") = "Util.XamariN.AndroiD", "Util.XamariN.AndroiD\Util.XamariN.AndroiD.csproj", "{E28C66E8-9C79-48D0-AC5C-9708F92B695F}"
EndProject
Project("{9A19103F-16F7-4668-BE54-9A1E7A4F7556}") = "Util.Web", "Util.Web\Util.Web.csproj", "{897C330F-B4D4-4E6B-9F6F-DFD3D24C5B15}"
EndProject
Project("{9A19103F-16F7-4668-BE54-9A1E7A4F7556}") = "Util.Excel.Aspose", "Util.Excel.Aspose\Util.Excel.Aspose.csproj", "{1E3F0F79-049A-4255-ADE8-E86DE5C50825}"
EndProject
Project("{9A19103F-16F7-4668-BE54-9A1E7A4F7556}") = "UnitTestProject", "UnitTestProject\UnitTestProject.csproj", "{A5153C0B-848A-40C6-92B8-F4613B68882F}"
EndProject
Project("{9A19103F-16F7-4668-BE54-9A1E7A4F7556}") = "Util.XamariN.iOs", "Util.XamariN.iOs\Util.XamariN.iOs.csproj", "{D4F27F51-36C0-4630-B209-7CDF9ED30BB6}"
EndProject
Project("{FAE04EC0-301F-11D3-BF4B-00C04F79EFBC}") = "Util.Data_SQLite", "Util.Data_SQLite\Util.Data_SQLite.csproj", "{9A43A9DF-DDDD-4CFE-94ED-B713E726DB56}"
EndProject
Global
	GlobalSection(SolutionConfigurationPlatforms) = preSolution
		Debug|Any CPU = Debug|Any CPU
		Release|Any CPU = Release|Any CPU
	EndGlobalSection
	GlobalSection(ProjectConfigurationPlatforms) = postSolution
		{0F61F6BE-93D1-47FC-BCEE-F75E8A2A3F87}.Debug|Any CPU.ActiveCfg = Debug|Any CPU
		{0F61F6BE-93D1-47FC-BCEE-F75E8A2A3F87}.Debug|Any CPU.Build.0 = Debug|Any CPU
		{0F61F6BE-93D1-47FC-BCEE-F75E8A2A3F87}.Release|Any CPU.ActiveCfg = Release|Any CPU
		{0F61F6BE-93D1-47FC-BCEE-F75E8A2A3F87}.Release|Any CPU.Build.0 = Release|Any CPU
		{3691A925-9D91-4C2F-84B3-A30164240B7A}.Debug|Any CPU.ActiveCfg = Debug|Any CPU
		{3691A925-9D91-4C2F-84B3-A30164240B7A}.Debug|Any CPU.Build.0 = Debug|Any CPU
		{3691A925-9D91-4C2F-84B3-A30164240B7A}.Release|Any CPU.ActiveCfg = Release|Any CPU
		{3691A925-9D91-4C2F-84B3-A30164240B7A}.Release|Any CPU.Build.0 = Release|Any CPU
		{E28C66E8-9C79-48D0-AC5C-9708F92B695F}.Debug|Any CPU.ActiveCfg = Debug|Any CPU
		{E28C66E8-9C79-48D0-AC5C-9708F92B695F}.Debug|Any CPU.Build.0 = Debug|Any CPU
		{E28C66E8-9C79-48D0-AC5C-9708F92B695F}.Release|Any CPU.ActiveCfg = Release|Any CPU
		{E28C66E8-9C79-48D0-AC5C-9708F92B695F}.Release|Any CPU.Build.0 = Release|Any CPU
		{897C330F-B4D4-4E6B-9F6F-DFD3D24C5B15}.Debug|Any CPU.ActiveCfg = Debug|Any CPU
		{897C330F-B4D4-4E6B-9F6F-DFD3D24C5B15}.Debug|Any CPU.Build.0 = Debug|Any CPU
		{897C330F-B4D4-4E6B-9F6F-DFD3D24C5B15}.Release|Any CPU.ActiveCfg = Release|Any CPU
		{897C330F-B4D4-4E6B-9F6F-DFD3D24C5B15}.Release|Any CPU.Build.0 = Release|Any CPU
		{1E3F0F79-049A-4255-ADE8-E86DE5C50825}.Debug|Any CPU.ActiveCfg = Debug|Any CPU
		{1E3F0F79-049A-4255-ADE8-E86DE5C50825}.Debug|Any CPU.Build.0 = Debug|Any CPU
		{1E3F0F79-049A-4255-ADE8-E86DE5C50825}.Release|Any CPU.ActiveCfg = Release|Any CPU
		{1E3F0F79-049A-4255-ADE8-E86DE5C50825}.Release|Any CPU.Build.0 = Release|Any CPU
		{A5153C0B-848A-40C6-92B8-F4613B68882F}.Debug|Any CPU.ActiveCfg = Debug|Any CPU
		{A5153C0B-848A-40C6-92B8-F4613B68882F}.Debug|Any CPU.Build.0 = Debug|Any CPU
		{A5153C0B-848A-40C6-92B8-F4613B68882F}.Release|Any CPU.ActiveCfg = Release|Any CPU
		{A5153C0B-848A-40C6-92B8-F4613B68882F}.Release|Any CPU.Build.0 = Release|Any CPU
		{D4F27F51-36C0-4630-B209-7CDF9ED30BB6}.Debug|Any CPU.ActiveCfg = Debug|Any CPU
		{D4F27F51-36C0-4630-B209-7CDF9ED30BB6}.Debug|Any CPU.Build.0 = Debug|Any CPU
		{D4F27F51-36C0-4630-B209-7CDF9ED30BB6}.Release|Any CPU.ActiveCfg = Release|Any CPU
		{D4F27F51-36C0-4630-B209-7CDF9ED30BB6}.Release|Any CPU.Build.0 = Release|Any CPU
		{9A43A9DF-DDDD-4CFE-94ED-B713E726DB56}.Debug|Any CPU.ActiveCfg = Debug|Any CPU
		{9A43A9DF-DDDD-4CFE-94ED-B713E726DB56}.Debug|Any CPU.Build.0 = Debug|Any CPU
		{9A43A9DF-DDDD-4CFE-94ED-B713E726DB56}.Release|Any CPU.ActiveCfg = Release|Any CPU
		{9A43A9DF-DDDD-4CFE-94ED-B713E726DB56}.Release|Any CPU.Build.0 = Release|Any CPU
	EndGlobalSection
	GlobalSection(SolutionProperties) = preSolution
		HideSolutionNode = FALSE
	EndGlobalSection
	GlobalSection(ExtensibilityGlobals) = postSolution
		SolutionGuid = {9055966C-09BB-4BFF-A94F-B40C531A3DC7}
	EndGlobalSection
EndGlobal
